// !$*UTF8*$!
{
	archiveVersion = 1;
	classes = {
	};
	objectVersion = 46;
	objects = {

/* Begin PBXBuildFile section */
		18026AB11F05602F001C6379 /* main.m in Sources */ = {isa = PBXBuildFile; fileRef = 18026AB01F05602F001C6379 /* main.m */; };
		18026ABA1F05602F001C6379 /* Main.storyboard in Resources */ = {isa = PBXBuildFile; fileRef = 18026AB81F05602F001C6379 /* Main.storyboard */; };
		18026ABC1F05602F001C6379 /* Assets.xcassets in Resources */ = {isa = PBXBuildFile; fileRef = 18026ABB1F05602F001C6379 /* Assets.xcassets */; };
		18026ABF1F05602F001C6379 /* LaunchScreen.storyboard in Resources */ = {isa = PBXBuildFile; fileRef = 18026ABD1F05602F001C6379 /* LaunchScreen.storyboard */; };
		18026AC91F05606D001C6379 /* AppDelegate.m in Sources */ = {isa = PBXBuildFile; fileRef = 18026AC81F05606D001C6379 /* AppDelegate.m */; };
		18026ACC1F0560B2001C6379 /* FoldersViewController.m in Sources */ = {isa = PBXBuildFile; fileRef = 18026ACB1F0560B2001C6379 /* FoldersViewController.m */; };
		184BFA7E1F20C7A000BA69E3 /* FileAttributeItem.m in Sources */ = {isa = PBXBuildFile; fileRef = 184BFA7D1F20C7A000BA69E3 /* FileAttributeItem.m */; };
		184BFAA71F20F3F600BA69E3 /* NSFileManager+FileOperationExtend.m in Sources */ = {isa = PBXBuildFile; fileRef = 184BFAA61F20F3F600BA69E3 /* NSFileManager+FileOperationExtend.m */; };
		184BFAAA1F20FAAF00BA69E3 /* DirectoryWatcher.m in Sources */ = {isa = PBXBuildFile; fileRef = 184BFAA91F20FAAF00BA69E3 /* DirectoryWatcher.m */; };
		186984211F1F8C0C00423B0D /* MonitorFileChangeHelper.m in Sources */ = {isa = PBXBuildFile; fileRef = 186984201F1F8C0C00423B0D /* MonitorFileChangeHelper.m */; };
		186984241F1F9FBE00423B0D /* NSString+FileExtend.m in Sources */ = {isa = PBXBuildFile; fileRef = 186984231F1F9FBE00423B0D /* NSString+FileExtend.m */; };
		187BA6331F07427E00E7EA5D /* FileTableViewCell.m in Sources */ = {isa = PBXBuildFile; fileRef = 187BA6321F07427E00E7EA5D /* FileTableViewCell.m */; };
		187BA6361F0761B500E7EA5D /* NSObject+IvarList.m in Sources */ = {isa = PBXBuildFile; fileRef = 187BA6351F0761B500E7EA5D /* NSObject+IvarList.m */; };
/* End PBXBuildFile section */

/* Begin PBXFileReference section */
		18026AAC1F05602F001C6379 /* FileBrowser.app */ = {isa = PBXFileReference; explicitFileType = wrapper.application; includeInIndex = 0; path = FileBrowser.app; sourceTree = BUILT_PRODUCTS_DIR; };
		18026AB01F05602F001C6379 /* main.m */ = {isa = PBXFileReference; lastKnownFileType = sourcecode.c.objc; path = main.m; sourceTree = "<group>"; };
		18026AB91F05602F001C6379 /* Base */ = {isa = PBXFileReference; lastKnownFileType = file.storyboard; name = Base; path = Base.lproj/Main.storyboard; sourceTree = "<group>"; };
		18026ABB1F05602F001C6379 /* Assets.xcassets */ = {isa = PBXFileReference; lastKnownFileType = folder.assetcatalog; path = Assets.xcassets; sourceTree = "<group>"; };
		18026ABE1F05602F001C6379 /* Base */ = {isa = PBXFileReference; lastKnownFileType = file.storyboard; name = Base; path = Base.lproj/LaunchScreen.storyboard; sourceTree = "<group>"; };
		18026AC01F05602F001C6379 /* Info.plist */ = {isa = PBXFileReference; lastKnownFileType = text.plist.xml; path = Info.plist; sourceTree = "<group>"; };
		18026AC71F05606D001C6379 /* AppDelegate.h */ = {isa = PBXFileReference; fileEncoding = 4; lastKnownFileType = sourcecode.c.h; path = AppDelegate.h; sourceTree = "<group>"; };
		18026AC81F05606D001C6379 /* AppDelegate.m */ = {isa = PBXFileReference; fileEncoding = 4; lastKnownFileType = sourcecode.c.objc; path = AppDelegate.m; sourceTree = "<group>"; };
		18026ACA1F0560B2001C6379 /* FoldersViewController.h */ = {isa = PBXFileReference; fileEncoding = 4; lastKnownFileType = sourcecode.c.h; path = FoldersViewController.h; sourceTree = "<group>"; };
		18026ACB1F0560B2001C6379 /* FoldersViewController.m */ = {isa = PBXFileReference; fileEncoding = 4; lastKnownFileType = sourcecode.c.objc; path = FoldersViewController.m; sourceTree = "<group>"; };
		184BFA7C1F20C7A000BA69E3 /* FileAttributeItem.h */ = {isa = PBXFileReference; fileEncoding = 4; lastKnownFileType = sourcecode.c.h; path = FileAttributeItem.h; sourceTree = "<group>"; };
		184BFA7D1F20C7A000BA69E3 /* FileAttributeItem.m */ = {isa = PBXFileReference; fileEncoding = 4; lastKnownFileType = sourcecode.c.objc; path = FileAttributeItem.m; sourceTree = "<group>"; };
		184BFAA51F20F3F600BA69E3 /* NSFileManager+FileOperationExtend.h */ = {isa = PBXFileReference; fileEncoding = 4; lastKnownFileType = sourcecode.c.h; path = "NSFileManager+FileOperationExtend.h"; sourceTree = "<group>"; };
		184BFAA61F20F3F600BA69E3 /* NSFileManager+FileOperationExtend.m */ = {isa = PBXFileReference; fileEncoding = 4; lastKnownFileType = sourcecode.c.objc; path = "NSFileManager+FileOperationExtend.m"; sourceTree = "<group>"; };
		184BFAA81F20FAAF00BA69E3 /* DirectoryWatcher.h */ = {isa = PBXFileReference; fileEncoding = 4; lastKnownFileType = sourcecode.c.h; path = DirectoryWatcher.h; sourceTree = "<group>"; };
		184BFAA91F20FAAF00BA69E3 /* DirectoryWatcher.m */ = {isa = PBXFileReference; fileEncoding = 4; lastKnownFileType = sourcecode.c.objc; path = DirectoryWatcher.m; sourceTree = "<group>"; };
		1869841F1F1F8C0C00423B0D /* MonitorFileChangeHelper.h */ = {isa = PBXFileReference; fileEncoding = 4; lastKnownFileType = sourcecode.c.h; path = MonitorFileChangeHelper.h; sourceTree = "<group>"; };
		186984201F1F8C0C00423B0D /* MonitorFileChangeHelper.m */ = {isa = PBXFileReference; fileEncoding = 4; lastKnownFileType = sourcecode.c.objc; path = MonitorFileChangeHelper.m; sourceTree = "<group>"; };
		186984221F1F9FBE00423B0D /* NSString+FileExtend.h */ = {isa = PBXFileReference; fileEncoding = 4; lastKnownFileType = sourcecode.c.h; path = "NSString+FileExtend.h"; sourceTree = "<group>"; };
		186984231F1F9FBE00423B0D /* NSString+FileExtend.m */ = {isa = PBXFileReference; fileEncoding = 4; lastKnownFileType = sourcecode.c.objc; path = "NSString+FileExtend.m"; sourceTree = "<group>"; };
		187BA6311F07427E00E7EA5D /* FileTableViewCell.h */ = {isa = PBXFileReference; fileEncoding = 4; lastKnownFileType = sourcecode.c.h; path = FileTableViewCell.h; sourceTree = "<group>"; };
		187BA6321F07427E00E7EA5D /* FileTableViewCell.m */ = {isa = PBXFileReference; fileEncoding = 4; lastKnownFileType = sourcecode.c.objc; path = FileTableViewCell.m; sourceTree = "<group>"; };
		187BA6341F0761B500E7EA5D /* NSObject+IvarList.h */ = {isa = PBXFileReference; fileEncoding = 4; lastKnownFileType = sourcecode.c.h; path = "NSObject+IvarList.h"; sourceTree = "<group>"; };
		187BA6351F0761B500E7EA5D /* NSObject+IvarList.m */ = {isa = PBXFileReference; fileEncoding = 4; lastKnownFileType = sourcecode.c.objc; path = "NSObject+IvarList.m"; sourceTree = "<group>"; };
/* End PBXFileReference section */

/* Begin PBXFrameworksBuildPhase section */
		18026AA91F05602F001C6379 /* Frameworks */ = {
			isa = PBXFrameworksBuildPhase;
			buildActionMask = 2147483647;
			files = (
			);
			runOnlyForDeploymentPostprocessing = 0;
		};
/* End PBXFrameworksBuildPhase section */

/* Begin PBXGroup section */
		18026AA31F05602F001C6379 = {
			isa = PBXGroup;
			children = (
				18026AAE1F05602F001C6379 /* FileBrowser */,
				18026AAD1F05602F001C6379 /* Products */,
			);
			sourceTree = "<group>";
		};
		18026AAD1F05602F001C6379 /* Products */ = {
			isa = PBXGroup;
			children = (
				18026AAC1F05602F001C6379 /* FileBrowser.app */,
			);
			name = Products;
			sourceTree = "<group>";
		};
		18026AAE1F05602F001C6379 /* FileBrowser */ = {
			isa = PBXGroup;
			children = (
				18026AC61F056052001C6379 /* FileBrowser */,
				18026AAF1F05602F001C6379 /* Supporting Files */,
			);
			path = FileBrowser;
			sourceTree = "<group>";
		};
		18026AAF1F05602F001C6379 /* Supporting Files */ = {
			isa = PBXGroup;
			children = (
				18026AB81F05602F001C6379 /* Main.storyboard */,
				18026ABB1F05602F001C6379 /* Assets.xcassets */,
				18026ABD1F05602F001C6379 /* LaunchScreen.storyboard */,
				18026AC01F05602F001C6379 /* Info.plist */,
				18026AB01F05602F001C6379 /* main.m */,
			);
			name = "Supporting Files";
			sourceTree = "<group>";
		};
		18026AC61F056052001C6379 /* FileBrowser */ = {
			isa = PBXGroup;
			children = (
				18026AC71F05606D001C6379 /* AppDelegate.h */,
				18026AC81F05606D001C6379 /* AppDelegate.m */,
				18026ACA1F0560B2001C6379 /* FoldersViewController.h */,
				18026ACB1F0560B2001C6379 /* FoldersViewController.m */,
				187BA6311F07427E00E7EA5D /* FileTableViewCell.h */,
				187BA6321F07427E00E7EA5D /* FileTableViewCell.m */,
				184BFA7C1F20C7A000BA69E3 /* FileAttributeItem.h */,
				184BFA7D1F20C7A000BA69E3 /* FileAttributeItem.m */,
				187BA6341F0761B500E7EA5D /* NSObject+IvarList.h */,
				187BA6351F0761B500E7EA5D /* NSObject+IvarList.m */,
				1869841F1F1F8C0C00423B0D /* MonitorFileChangeHelper.h */,
				186984201F1F8C0C00423B0D /* MonitorFileChangeHelper.m */,
				186984221F1F9FBE00423B0D /* NSString+FileExtend.h */,
				186984231F1F9FBE00423B0D /* NSString+FileExtend.m */,
				184BFAA51F20F3F600BA69E3 /* NSFileManager+FileOperationExtend.h */,
				184BFAA61F20F3F600BA69E3 /* NSFileManager+FileOperationExtend.m */,
				184BFAA81F20FAAF00BA69E3 /* DirectoryWatcher.h */,
				184BFAA91F20FAAF00BA69E3 /* DirectoryWatcher.m */,
			);
			path = FileBrowser;
			sourceTree = "<group>";
		};
/* End PBXGroup section */

/* Begin PBXNativeTarget section */
		18026AAB1F05602F001C6379 /* FileBrowser */ = {
			isa = PBXNativeTarget;
			buildConfigurationList = 18026AC31F05602F001C6379 /* Build configuration list for PBXNativeTarget "FileBrowser" */;
			buildPhases = (
				18026AA81F05602F001C6379 /* Sources */,
				18026AA91F05602F001C6379 /* Frameworks */,
				18026AAA1F05602F001C6379 /* Resources */,
			);
			buildRules = (
			);
			dependencies = (
			);
			name = FileBrowser;
			productName = FileBrowser;
			productReference = 18026AAC1F05602F001C6379 /* FileBrowser.app */;
			productType = "com.apple.product-type.application";
		};
/* End PBXNativeTarget section */

/* Begin PBXProject section */
		18026AA41F05602F001C6379 /* Project object */ = {
			isa = PBXProject;
			attributes = {
				LastUpgradeCheck = 0830;
				ORGANIZATIONNAME = Ossey;
				TargetAttributes = {
					18026AAB1F05602F001C6379 = {
						CreatedOnToolsVersion = 8.3.1;
						DevelopmentTeam = NKW67GFDHM;
						ProvisioningStyle = Automatic;
					};
				};
			};
			buildConfigurationList = 18026AA71F05602F001C6379 /* Build configuration list for PBXProject "FileBrowser" */;
			compatibilityVersion = "Xcode 3.2";
			developmentRegion = English;
			hasScannedForEncodings = 0;
			knownRegions = (
				en,
				Base,
			);
			mainGroup = 18026AA31F05602F001C6379;
			productRefGroup = 18026AAD1F05602F001C6379 /* Products */;
			projectDirPath = "";
			projectRoot = "";
			targets = (
				18026AAB1F05602F001C6379 /* FileBrowser */,
			);
		};
/* End PBXProject section */

/* Begin PBXResourcesBuildPhase section */
		18026AAA1F05602F001C6379 /* Resources */ = {
			isa = PBXResourcesBuildPhase;
			buildActionMask = 2147483647;
			files = (
				18026ABF1F05602F001C6379 /* LaunchScreen.storyboard in Resources */,
				18026ABC1F05602F001C6379 /* Assets.xcassets in Resources */,
				18026ABA1F05602F001C6379 /* Main.storyboard in Resources */,
			);
			runOnlyForDeploymentPostprocessing = 0;
		};
/* End PBXResourcesBuildPhase section */

/* Begin PBXSourcesBuildPhase section */
		18026AA81F05602F001C6379 /* Sources */ = {
			isa = PBXSourcesBuildPhase;
			buildActionMask = 2147483647;
			files = (
				184BFAA71F20F3F600BA69E3 /* NSFileManager+FileOperationExtend.m in Sources */,
				18026AC91F05606D001C6379 /* AppDelegate.m in Sources */,
				187BA6331F07427E00E7EA5D /* FileTableViewCell.m in Sources */,
				186984211F1F8C0C00423B0D /* MonitorFileChangeHelper.m in Sources */,
				18026AB11F05602F001C6379 /* main.m in Sources */,
				187BA6361F0761B500E7EA5D /* NSObject+IvarList.m in Sources */,
				18026ACC1F0560B2001C6379 /* FoldersViewController.m in Sources */,
				186984241F1F9FBE00423B0D /* NSString+FileExtend.m in Sources */,
				184BFAAA1F20FAAF00BA69E3 /* DirectoryWatcher.m in Sources */,
				184BFA7E1F20C7A000BA69E3 /* FileAttributeItem.m in Sources */,
			);
			runOnlyForDeploymentPostprocessing = 0;
		};
/* End PBXSourcesBuildPhase section */

/* Begin PBXVariantGroup section */
		18026AB81F05602F001C6379 /* Main.storyboard */ = {
			isa = PBXVariantGroup;
			children = (
				18026AB91F05602F001C6379 /* Base */,
			);
			name = Main.storyboard;
			sourceTree = "<group>";
		};
		18026ABD1F05602F001C6379 /* LaunchScreen.storyboard */ = {
			isa = PBXVariantGroup;
			children = (
				18026ABE1F05602F001C6379 /* Base */,
			);
			name = LaunchScreen.storyboard;
			sourceTree = "<group>";
		};
/* End PBXVariantGroup section */

/* Begin XCBuildConfiguration section */
		18026AC11F05602F001C6379 /* Debug */ = {
			isa = XCBuildConfiguration;
			buildSettings = {
				ALWAYS_SEARCH_USER_PATHS = NO;
				CLANG_ANALYZER_NONNULL = YES;
				CLANG_ANALYZER_NUMBER_OBJECT_CONVERSION = YES_AGGRESSIVE;
				CLANG_CXX_LANGUAGE_STANDARD = "gnu++0x";
				CLANG_CXX_LIBRARY = "libc++";
				CLANG_ENABLE_MODULES = YES;
				CLANG_ENABLE_OBJC_ARC = YES;
				CLANG_WARN_BOOL_CONVERSION = YES;
				CLANG_WARN_CONSTANT_CONVERSION = YES;
				CLANG_WARN_DIRECT_OBJC_ISA_USAGE = YES_ERROR;
				CLANG_WARN_DOCUMENTATION_COMMENTS = YES;
				CLANG_WARN_EMPTY_BODY = YES;
				CLANG_WARN_ENUM_CONVERSION = YES;
				CLANG_WARN_INFINITE_RECURSION = YES;
				CLANG_WARN_INT_CONVERSION = YES;
				CLANG_WARN_OBJC_ROOT_CLASS = YES_ERROR;
				CLANG_WARN_SUSPICIOUS_MOVE = YES;
				CLANG_WARN_UNREACHABLE_CODE = YES;
				CLANG_WARN__DUPLICATE_METHOD_MATCH = YES;
				"CODE_SIGN_IDENTITY[sdk=iphoneos*]" = "iPhone Developer";
				COPY_PHASE_STRIP = NO;
				DEBUG_INFORMATION_FORMAT = dwarf;
				ENABLE_STRICT_OBJC_MSGSEND = YES;
				ENABLE_TESTABILITY = YES;
				GCC_C_LANGUAGE_STANDARD = gnu99;
				GCC_DYNAMIC_NO_PIC = NO;
				GCC_NO_COMMON_BLOCKS = YES;
				GCC_OPTIMIZATION_LEVEL = 0;
				GCC_PREPROCESSOR_DEFINITIONS = (
					"DEBUG=1",
					"$(inherited)",
				);
				GCC_WARN_64_TO_32_BIT_CONVERSION = YES;
				GCC_WARN_ABOUT_RETURN_TYPE = YES_ERROR;
				GCC_WARN_UNDECLARED_SELECTOR = YES;
				GCC_WARN_UNINITIALIZED_AUTOS = YES_AGGRESSIVE;
				GCC_WARN_UNUSED_FUNCTION = YES;
				GCC_WARN_UNUSED_VARIABLE = YES;
				IPHONEOS_DEPLOYMENT_TARGET = 10.3;
				MTL_ENABLE_DEBUG_INFO = YES;
				ONLY_ACTIVE_ARCH = YES;
				SDKROOT = iphoneos;
			};
			name = Debug;
		};
		18026AC21F05602F001C6379 /* Release */ = {
			isa = XCBuildConfiguration;
			buildSettings = {
				ALWAYS_SEARCH_USER_PATHS = NO;
				CLANG_ANALYZER_NONNULL = YES;
				CLANG_ANALYZER_NUMBER_OBJECT_CONVERSION = YES_AGGRESSIVE;
				CLANG_CXX_LANGUAGE_STANDARD = "gnu++0x";
				CLANG_CXX_LIBRARY = "libc++";
				CLANG_ENABLE_MODULES = YES;
				CLANG_ENABLE_OBJC_ARC = YES;
				CLANG_WARN_BOOL_CONVERSION = YES;
				CLANG_WARN_CONSTANT_CONVERSION = YES;
				CLANG_WARN_DIRECT_OBJC_ISA_USAGE = YES_ERROR;
				CLANG_WARN_DOCUMENTATION_COMMENTS = YES;
				CLANG_WARN_EMPTY_BODY = YES;
				CLANG_WARN_ENUM_CONVERSION = YES;
				CLANG_WARN_INFINITE_RECURSION = YES;
				CLANG_WARN_INT_CONVERSION = YES;
				CLANG_WARN_OBJC_ROOT_CLASS = YES_ERROR;
				CLANG_WARN_SUSPICIOUS_MOVE = YES;
				CLANG_WARN_UNREACHABLE_CODE = YES;
				CLANG_WARN__DUPLICATE_METHOD_MATCH = YES;
				"CODE_SIGN_IDENTITY[sdk=iphoneos*]" = "iPhone Developer";
				COPY_PHASE_STRIP = NO;
				DEBUG_INFORMATION_FORMAT = "dwarf-with-dsym";
				ENABLE_NS_ASSERTIONS = NO;
				ENABLE_STRICT_OBJC_MSGSEND = YES;
				GCC_C_LANGUAGE_STANDARD = gnu99;
				GCC_NO_COMMON_BLOCKS = YES;
				GCC_WARN_64_TO_32_BIT_CONVERSION = YES;
				GCC_WARN_ABOUT_RETURN_TYPE = YES_ERROR;
				GCC_WARN_UNDECLARED_SELECTOR = YES;
				GCC_WARN_UNINITIALIZED_AUTOS = YES_AGGRESSIVE;
				GCC_WARN_UNUSED_FUNCTION = YES;
				GCC_WARN_UNUSED_VARIABLE = YES;
				IPHONEOS_DEPLOYMENT_TARGET = 10.3;
				MTL_ENABLE_DEBUG_INFO = NO;
				SDKROOT = iphoneos;
				VALIDATE_PRODUCT = YES;
			};
			name = Release;
		};
		18026AC41F05602F001C6379 /* Debug */ = {
			isa = XCBuildConfiguration;
			buildSettings = {
				ASSETCATALOG_COMPILER_APPICON_NAME = AppIcon;
				DEVELOPMENT_TEAM = NKW67GFDHM;
				INFOPLIST_FILE = FileBrowser/Info.plist;
				IPHONEOS_DEPLOYMENT_TARGET = 8.0;
				LD_RUNPATH_SEARCH_PATHS = "$(inherited) @executable_path/Frameworks";
				PRODUCT_BUNDLE_IDENTIFIER = com.sey.FileBrowser;
				PRODUCT_NAME = "$(TARGET_NAME)";
			};
			name = Debug;
		};
		18026AC51F05602F001C6379 /* Release */ = {
			isa = XCBuildConfiguration;
			buildSettings = {
				ASSETCATALOG_COMPILER_APPICON_NAME = AppIcon;
				DEVELOPMENT_TEAM = NKW67GFDHM;
				INFOPLIST_FILE = FileBrowser/Info.plist;
				IPHONEOS_DEPLOYMENT_TARGET = 8.0;
				LD_RUNPATH_SEARCH_PATHS = "$(inherited) @executable_path/Frameworks";
				PRODUCT_BUNDLE_IDENTIFIER = com.sey.FileBrowser;
				PRODUCT_NAME = "$(TARGET_NAME)";
			};
			name = Release;
		};
/* End XCBuildConfiguration section */

/* Begin XCConfigurationList section */
		18026AA71F05602F001C6379 /* Build configuration list for PBXProject "FileBrowser" */ = {
			isa = XCConfigurationList;
			buildConfigurations = (
				18026AC11F05602F001C6379 /* Debug */,
				18026AC21F05602F001C6379 /* Release */,
			);
			defaultConfigurationIsVisible = 0;
			defaultConfigurationName = Release;
		};
		18026AC31F05602F001C6379 /* Build configuration list for PBXNativeTarget "FileBrowser" */ = {
			isa = XCConfigurationList;
			buildConfigurations = (
				18026AC41F05602F001C6379 /* Debug */,
				18026AC51F05602F001C6379 /* Release */,
			);
			defaultConfigurationIsVisible = 0;
			defaultConfigurationName = Release;
		};
/* End XCConfigurationList section */
	};
	rootObject = 18026AA41F05602F001C6379 /* Project object */;
}
